// !$*UTF8*$!
{
	archiveVersion = 1;
	classes = {
	};
	objectVersion = 46;
	objects = {

/* Begin PBXBuildFile section */
		9A62C1B51DD6AC6200A70032 /* AppDelegate.swift in Sources */ = {isa = PBXBuildFile; fileRef = 9A62C1B41DD6AC6200A70032 /* AppDelegate.swift */; };
		9A62C1B71DD6AC6200A70032 /* ViewController.swift in Sources */ = {isa = PBXBuildFile; fileRef = 9A62C1B61DD6AC6200A70032 /* ViewController.swift */; };
		9A62C1BA1DD6AC6200A70032 /* Main.storyboard in Resources */ = {isa = PBXBuildFile; fileRef = 9A62C1B81DD6AC6200A70032 /* Main.storyboard */; };
		9A62C1BC1DD6AC6200A70032 /* Assets.xcassets in Resources */ = {isa = PBXBuildFile; fileRef = 9A62C1BB1DD6AC6200A70032 /* Assets.xcassets */; };
		9A62C1BF1DD6AC6200A70032 /* LaunchScreen.storyboard in Resources */ = {isa = PBXBuildFile; fileRef = 9A62C1BD1DD6AC6200A70032 /* LaunchScreen.storyboard */; };
/* End PBXBuildFile section */

/* Begin PBXFileReference section */
		9A62C1B11DD6AC6200A70032 /* SampleSCLAlertView.app */ = {isa = PBXFileReference; explicitFileType = wrapper.application; includeInIndex = 0; path = SampleSCLAlertView.app; sourceTree = BUILT_PRODUCTS_DIR; };
		9A62C1B41DD6AC6200A70032 /* AppDelegate.swift */ = {isa = PBXFileReference; lastKnownFileType = sourcecode.swift; path = AppDelegate.swift; sourceTree = "<group>"; };
		9A62C1B61DD6AC6200A70032 /* ViewController.swift */ = {isa = PBXFileReference; lastKnownFileType = sourcecode.swift; path = ViewController.swift; sourceTree = "<group>"; };
		9A62C1B91DD6AC6200A70032 /* Base */ = {isa = PBXFileReference; lastKnownFileType = file.storyboard; name = Base; path = Base.lproj/Main.storyboard; sourceTree = "<group>"; };
		9A62C1BB1DD6AC6200A70032 /* Assets.xcassets */ = {isa = PBXFileReference; lastKnownFileType = folder.assetcatalog; path = Assets.xcassets; sourceTree = "<group>"; };
		9A62C1BE1DD6AC6200A70032 /* Base */ = {isa = PBXFileReference; lastKnownFileType = file.storyboard; name = Base; path = Base.lproj/LaunchScreen.storyboard; sourceTree = "<group>"; };
		9A62C1C01DD6AC6200A70032 /* Info.plist */ = {isa = PBXFileReference; lastKnownFileType = text.plist.xml; path = Info.plist; sourceTree = "<group>"; };
/* End PBXFileReference section */

/* Begin PBXFrameworksBuildPhase section */
		9A62C1AE1DD6AC6200A70032 /* Frameworks */ = {
			isa = PBXFrameworksBuildPhase;
			buildActionMask = 2147483647;
			files = (
			);
			runOnlyForDeploymentPostprocessing = 0;
		};
/* End PBXFrameworksBuildPhase section */

/* Begin PBXGroup section */
		9A62C1A81DD6AC6100A70032 = {
			isa = PBXGroup;
			children = (
				9A62C1B31DD6AC6200A70032 /* SampleSCLAlertView */,
				9A62C1B21DD6AC6200A70032 /* Products */,
			);
			sourceTree = "<group>";
		};
		9A62C1B21DD6AC6200A70032 /* Products */ = {
			isa = PBXGroup;
			children = (
				9A62C1B11DD6AC6200A70032 /* SampleSCLAlertView.app */,
			);
			name = Products;
			sourceTree = "<group>";
		};
		9A62C1B31DD6AC6200A70032 /* SampleSCLAlertView */ = {
			isa = PBXGroup;
			children = (
				9A62C1B41DD6AC6200A70032 /* AppDelegate.swift */,
				9A62C1B61DD6AC6200A70032 /* ViewController.swift */,
				9A62C1B81DD6AC6200A70032 /* Main.storyboard */,
				9A62C1BB1DD6AC6200A70032 /* Assets.xcassets */,
				9A62C1BD1DD6AC6200A70032 /* LaunchScreen.storyboard */,
				9A62C1C01DD6AC6200A70032 /* Info.plist */,
			);
			path = SampleSCLAlertView;
			sourceTree = "<group>";
		};
/* End PBXGroup section */

/* Begin PBXNativeTarget section */
		9A62C1B01DD6AC6200A70032 /* SampleSCLAlertView */ = {
			isa = PBXNativeTarget;
			buildConfigurationList = 9A62C1C31DD6AC6200A70032 /* Build configuration list for PBXNativeTarget "SampleSCLAlertView" */;
			buildPhases = (
				9A62C1AD1DD6AC6200A70032 /* Sources */,
				9A62C1AE1DD6AC6200A70032 /* Frameworks */,
				9A62C1AF1DD6AC6200A70032 /* Resources */,
			);
			buildRules = (
			);
			dependencies = (
			);
			name = SampleSCLAlertView;
			productName = SampleSCLAlertView;
			productReference = 9A62C1B11DD6AC6200A70032 /* SampleSCLAlertView.app */;
			productType = "com.apple.product-type.application";
		};
/* End PBXNativeTarget section */

/* Begin PBXProject section */
		9A62C1A91DD6AC6200A70032 /* Project object */ = {
			isa = PBXProject;
			attributes = {
				LastSwiftUpdateCheck = 0810;
				LastUpgradeCheck = 0810;
				ORGANIZATIONNAME = IkkiTakahashi;
				TargetAttributes = {
					9A62C1B01DD6AC6200A70032 = {
						CreatedOnToolsVersion = 8.1;
						DevelopmentTeam = 68682W8R4T;
						ProvisioningStyle = Automatic;
					};
				};
			};
			buildConfigurationList = 9A62C1AC1DD6AC6200A70032 /* Build configuration list for PBXProject "SampleSCLAlertView" */;
			compatibilityVersion = "Xcode 3.2";
			developmentRegion = English;
			hasScannedForEncodings = 0;
			knownRegions = (
				en,
				Base,
			);
			mainGroup = 9A62C1A81DD6AC6100A70032;
			productRefGroup = 9A62C1B21DD6AC6200A70032 /* Products */;
			projectDirPath = "";
			projectRoot = "";
			targets = (
				9A62C1B01DD6AC6200A70032 /* SampleSCLAlertView */,
			);
		};
/* End PBXProject section */

/* Begin PBXResourcesBuildPhase section */
		9A62C1AF1DD6AC6200A70032 /* Resources */ = {
			isa = PBXResourcesBuildPhase;
			buildActionMask = 2147483647;
			files = (
				9A62C1BF1DD6AC6200A70032 /* LaunchScreen.storyboard in Resources */,
				9A62C1BC1DD6AC6200A70032 /* Assets.xcassets in Resources */,
				9A62C1BA1DD6AC6200A70032 /* Main.storyboard in Resources */,
			);
			runOnlyForDeploymentPostprocessing = 0;
		};
/* End PBXResourcesBuildPhase section */

/* Begin PBXSourcesBuildPhase section */
		9A62C1AD1DD6AC6200A70032 /* Sources */ = {
			isa = PBXSourcesBuildPhase;
			buildActionMask = 2147483647;
			files = (
				9A62C1B71DD6AC6200A70032 /* ViewController.swift in Sources */,
				9A62C1B51DD6AC6200A70032 /* AppDelegate.swift in Sources */,
			);
			runOnlyForDeploymentPostprocessing = 0;
		};
/* End PBXSourcesBuildPhase section */

/* Begin PBXVariantGroup section */
		9A62C1B81DD6AC6200A70032 /* Main.storyboard */ = {
			isa = PBXVariantGroup;
			children = (
				9A62C1B91DD6AC6200A70032 /* Base */,
			);
			name = Main.storyboard;
			sourceTree = "<group>";
		};
		9A62C1BD1DD6AC6200A70032 /* LaunchScreen.storyboard */ = {
			isa = PBXVariantGroup;
			children = (
				9A62C1BE1DD6AC6200A70032 /* Base */,
			);
			name = LaunchScreen.storyboard;
			sourceTree = "<group>";
		};
/* End PBXVariantGroup section */

/* Begin XCBuildConfiguration section */
		9A62C1C11DD6AC6200A70032 /* Debug */ = {
			isa = XCBuildConfiguration;
			buildSettings = {
				ALWAYS_SEARCH_USER_PATHS = NO;
				CLANG_ANALYZER_NONNULL = YES;
				CLANG_CXX_LANGUAGE_STANDARD = "gnu++0x";
				CLANG_CXX_LIBRARY = "libc++";
				CLANG_ENABLE_MODULES = YES;
				CLANG_ENABLE_OBJC_ARC = YES;
				CLANG_WARN_BOOL_CONVERSION = YES;
				CLANG_WARN_CONSTANT_CONVERSION = YES;
				CLANG_WARN_DIRECT_OBJC_ISA_USAGE = YES_ERROR;
				CLANG_WARN_DOCUMENTATION_COMMENTS = YES;
				CLANG_WARN_EMPTY_BODY = YES;
				CLANG_WARN_ENUM_CONVERSION = YES;
				CLANG_WARN_INFINITE_RECURSION = YES;
				CLANG_WARN_INT_CONVERSION = YES;
				CLANG_WARN_OBJC_ROOT_CLASS = YES_ERROR;
				CLANG_WARN_SUSPICIOUS_MOVES = YES;
				CLANG_WARN_UNREACHABLE_CODE = YES;
				CLANG_WARN__DUPLICATE_METHOD_MATCH = YES;
				"CODE_SIGN_IDENTITY[sdk=iphoneos*]" = "iPhone Developer";
				COPY_PHASE_STRIP = NO;
				DEBUG_INFORMATION_FORMAT = dwarf;
				ENABLE_STRICT_OBJC_MSGSEND = YES;
				ENABLE_TESTABILITY = YES;
				GCC_C_LANGUAGE_STANDARD = gnu99;
				GCC_DYNAMIC_NO_PIC = NO;
				GCC_NO_COMMON_BLOCKS = YES;
				GCC_OPTIMIZATION_LEVEL = 0;
				GCC_PREPROCESSOR_DEFINITIONS = (
					"DEBUG=1",
					"$(inherited)",
				);
				GCC_WARN_64_TO_32_BIT_CONVERSION = YES;
				GCC_WARN_ABOUT_RETURN_TYPE = YES_ERROR;
				GCC_WARN_UNDECLARED_SELECTOR = YES;
				GCC_WARN_UNINITIALIZED_AUTOS = YES_AGGRESSIVE;
				GCC_WARN_UNUSED_FUNCTION = YES;
				GCC_WARN_UNUSED_VARIABLE = YES;
				IPHONEOS_DEPLOYMENT_TARGET = 10.1;
				MTL_ENABLE_DEBUG_INFO = YES;
				ONLY_ACTIVE_ARCH = YES;
				SDKROOT = iphoneos;
				SWIFT_ACTIVE_COMPILATION_CONDITIONS = DEBUG;
				SWIFT_OPTIMIZATION_LEVEL = "-Onone";
			};
			name = Debug;
		};
		9A62C1C21DD6AC6200A70032 /* Release */ = {
			isa = XCBuildConfiguration;
			buildSettings = {
				ALWAYS_SEARCH_USER_PATHS = NO;
				CLANG_ANALYZER_NONNULL = YES;
				CLANG_CXX_LANGUAGE_STANDARD = "gnu++0x";
				CLANG_CXX_LIBRARY = "libc++";
				CLANG_ENABLE_MODULES = YES;
				CLANG_ENABLE_OBJC_ARC = YES;
				CLANG_WARN_BOOL_CONVERSION = YES;
				CLANG_WARN_CONSTANT_CONVERSION = YES;
				CLANG_WARN_DIRECT_OBJC_ISA_USAGE = YES_ERROR;
				CLANG_WARN_DOCUMENTATION_COMMENTS = YES;
				CLANG_WARN_EMPTY_BODY = YES;
				CLANG_WARN_ENUM_CONVERSION = YES;
				CLANG_WARN_INFINITE_RECURSION = YES;
				CLANG_WARN_INT_CONVERSION = YES;
				CLANG_WARN_OBJC_ROOT_CLASS = YES_ERROR;
				CLANG_WARN_SUSPICIOUS_MOVES = YES;
				CLANG_WARN_UNREACHABLE_CODE = YES;
				CLANG_WARN__DUPLICATE_METHOD_MATCH = YES;
				"CODE_SIGN_IDENTITY[sdk=iphoneos*]" = "iPhone Developer";
				COPY_PHASE_STRIP = NO;
				DEBUG_INFORMATION_FORMAT = "dwarf-with-dsym";
				ENABLE_NS_ASSERTIONS = NO;
				ENABLE_STRICT_OBJC_MSGSEND = YES;
				GCC_C_LANGUAGE_STANDARD = gnu99;
				GCC_NO_COMMON_BLOCKS = YES;
				GCC_WARN_64_TO_32_BIT_CONVERSION = YES;
				GCC_WARN_ABOUT_RETURN_TYPE = YES_ERROR;
				GCC_WARN_UNDECLARED_SELECTOR = YES;
				GCC_WARN_UNINITIALIZED_AUTOS = YES_AGGRESSIVE;
				GCC_WARN_UNUSED_FUNCTION = YES;
				GCC_WARN_UNUSED_VARIABLE = YES;
				IPHONEOS_DEPLOYMENT_TARGET = 10.1;
				MTL_ENABLE_DEBUG_INFO = NO;
				SDKROOT = iphoneos;
				SWIFT_OPTIMIZATION_LEVEL = "-Owholemodule";
				VALIDATE_PRODUCT = YES;
			};
			name = Release;
		};
		9A62C1C41DD6AC6200A70032 /* Debug */ = {
			isa = XCBuildConfiguration;
			buildSettings = {
				ASSETCATALOG_COMPILER_APPICON_NAME = AppIcon;
				DEVELOPMENT_TEAM = 68682W8R4T;
				INFOPLIST_FILE = SampleSCLAlertView/Info.plist;
				LD_RUNPATH_SEARCH_PATHS = "$(inherited) @executable_path/Frameworks";
				PRODUCT_BUNDLE_IDENTIFIER = jp.sample.ikkitang1211.SampleSCLAlertView;
				PRODUCT_NAME = "$(TARGET_NAME)";
				SWIFT_VERSION = 3.0;
			};
			name = Debug;
		};
		9A62C1C51DD6AC6200A70032 /* Release */ = {
			isa = XCBuildConfiguration;
			buildSettings = {
				ASSETCATALOG_COMPILER_APPICON_NAME = AppIcon;
				DEVELOPMENT_TEAM = 68682W8R4T;
				INFOPLIST_FILE = SampleSCLAlertView/Info.plist;
				LD_RUNPATH_SEARCH_PATHS = "$(inherited) @executable_path/Frameworks";
				PRODUCT_BUNDLE_IDENTIFIER = jp.sample.ikkitang1211.SampleSCLAlertView;
				PRODUCT_NAME = "$(TARGET_NAME)";
				SWIFT_VERSION = 3.0;
			};
			name = Release;
		};
/* End XCBuildConfiguration section */

/* Begin XCConfigurationList section */
		9A62C1AC1DD6AC6200A70032 /* Build configuration list for PBXProject "SampleSCLAlertView" */ = {
			isa = XCConfigurationList;
			buildConfigurations = (
				9A62C1C11DD6AC6200A70032 /* Debug */,
				9A62C1C21DD6AC6200A70032 /* Release */,
			);
			defaultConfigurationIsVisible = 0;
			defaultConfigurationName = Release;
		};
		9A62C1C31DD6AC6200A70032 /* Build configuration list for PBXNativeTarget "SampleSCLAlertView" */ = {
			isa = XCConfigurationList;
			buildConfigurations = (
				9A62C1C41DD6AC6200A70032 /* Debug */,
				9A62C1C51DD6AC6200A70032 /* Release */,
			);
			defaultConfigurationIsVisible = 0;
		};
/* End XCConfigurationList section */
	};
	rootObject = 9A62C1A91DD6AC6200A70032 /* Project object */;
}
